{
  "pins" : [
    {
      "identity" : "tradechartengine",
      "kind" : "remoteSourceControl",
      "location" : "https://github.com/junbro22/TradeChartEngine.git",
      "state" : {
        "branch" : "main",
        "revision" : "e6a5275cbf2d315b6bf0523630fbb299e946f198"
      }
    }
  ],
  "version" : 2
}
