{
  "pins" : [
    {
      "identity" : "tradechartengine",
      "kind" : "remoteSourceControl",
      "location" : "https://github.com/junbro22/TradeChartEngine.git",
      "state" : {
        "branch" : "main",
        "revision" : "9b5f7ccd8619476aa5d7dc8829651afc4bbe6920"
      }
    }
  ],
  "version" : 2
}
